// !$*UTF8*$!
{
	archiveVersion = 1;
	classes = {
	};
	objectVersion = 56;
	objects = {

/* Begin PBXBuildFile section */
		F431C7D229F1B62600577587 /* RecipeCell.swift in Sources */ = {isa = PBXBuildFile; fileRef = F431C7D129F1B62600577587 /* RecipeCell.swift */; };
		F470558629EA9DD80088FB12 /* AppDelegate.swift in Sources */ = {isa = PBXBuildFile; fileRef = F470558529EA9DD80088FB12 /* AppDelegate.swift */; };
		F470558829EA9DD80088FB12 /* SceneDelegate.swift in Sources */ = {isa = PBXBuildFile; fileRef = F470558729EA9DD80088FB12 /* SceneDelegate.swift */; };
		F470558A29EA9DD80088FB12 /* ViewController.swift in Sources */ = {isa = PBXBuildFile; fileRef = F470558929EA9DD80088FB12 /* ViewController.swift */; };
		F470558D29EA9DD80088FB12 /* Main.storyboard in Resources */ = {isa = PBXBuildFile; fileRef = F470558B29EA9DD80088FB12 /* Main.storyboard */; };
		F470558F29EA9DDA0088FB12 /* Assets.xcassets in Resources */ = {isa = PBXBuildFile; fileRef = F470558E29EA9DDA0088FB12 /* Assets.xcassets */; };
		F470559229EA9DDA0088FB12 /* LaunchScreen.storyboard in Resources */ = {isa = PBXBuildFile; fileRef = F470559029EA9DDA0088FB12 /* LaunchScreen.storyboard */; };
		F470559A29EAAB490088FB12 /* Recipe.swift in Sources */ = {isa = PBXBuildFile; fileRef = F470559929EAAB490088FB12 /* Recipe.swift */; };
/* End PBXBuildFile section */

/* Begin PBXFileReference section */
		F431C7D129F1B62600577587 /* RecipeCell.swift */ = {isa = PBXFileReference; lastKnownFileType = sourcecode.swift; path = RecipeCell.swift; sourceTree = "<group>"; };
		F470558229EA9DD80088FB12 /* My Cooking Book.app */ = {isa = PBXFileReference; explicitFileType = wrapper.application; includeInIndex = 0; path = "My Cooking Book.app"; sourceTree = BUILT_PRODUCTS_DIR; };
		F470558529EA9DD80088FB12 /* AppDelegate.swift */ = {isa = PBXFileReference; lastKnownFileType = sourcecode.swift; path = AppDelegate.swift; sourceTree = "<group>"; };
		F470558729EA9DD80088FB12 /* SceneDelegate.swift */ = {isa = PBXFileReference; lastKnownFileType = sourcecode.swift; path = SceneDelegate.swift; sourceTree = "<group>"; };
		F470558929EA9DD80088FB12 /* ViewController.swift */ = {isa = PBXFileReference; lastKnownFileType = sourcecode.swift; path = ViewController.swift; sourceTree = "<group>"; };
		F470558C29EA9DD80088FB12 /* Base */ = {isa = PBXFileReference; lastKnownFileType = file.storyboard; name = Base; path = Base.lproj/Main.storyboard; sourceTree = "<group>"; };
		F470558E29EA9DDA0088FB12 /* Assets.xcassets */ = {isa = PBXFileReference; lastKnownFileType = folder.assetcatalog; path = Assets.xcassets; sourceTree = "<group>"; };
		F470559129EA9DDA0088FB12 /* Base */ = {isa = PBXFileReference; lastKnownFileType = file.storyboard; name = Base; path = Base.lproj/LaunchScreen.storyboard; sourceTree = "<group>"; };
		F470559329EA9DDA0088FB12 /* Info.plist */ = {isa = PBXFileReference; lastKnownFileType = text.plist.xml; path = Info.plist; sourceTree = "<group>"; };
		F470559929EAAB490088FB12 /* Recipe.swift */ = {isa = PBXFileReference; lastKnownFileType = sourcecode.swift; path = Recipe.swift; sourceTree = "<group>"; };
/* End PBXFileReference section */

/* Begin PBXFrameworksBuildPhase section */
		F470557F29EA9DD80088FB12 /* Frameworks */ = {
			isa = PBXFrameworksBuildPhase;
			buildActionMask = 2147483647;
			files = (
			);
			runOnlyForDeploymentPostprocessing = 0;
		};
/* End PBXFrameworksBuildPhase section */

/* Begin PBXGroup section */
		F470557929EA9DD80088FB12 = {
			isa = PBXGroup;
			children = (
				F470558429EA9DD80088FB12 /* My Cooking Book */,
				F470558329EA9DD80088FB12 /* Products */,
			);
			sourceTree = "<group>";
		};
		F470558329EA9DD80088FB12 /* Products */ = {
			isa = PBXGroup;
			children = (
				F470558229EA9DD80088FB12 /* My Cooking Book.app */,
			);
			name = Products;
			sourceTree = "<group>";
		};
		F470558429EA9DD80088FB12 /* My Cooking Book */ = {
			isa = PBXGroup;
			children = (
				F470558529EA9DD80088FB12 /* AppDelegate.swift */,
				F470558729EA9DD80088FB12 /* SceneDelegate.swift */,
				F470558929EA9DD80088FB12 /* ViewController.swift */,
				F431C7D129F1B62600577587 /* RecipeCell.swift */,
				F470559929EAAB490088FB12 /* Recipe.swift */,
				F470558B29EA9DD80088FB12 /* Main.storyboard */,
				F470558E29EA9DDA0088FB12 /* Assets.xcassets */,
				F470559029EA9DDA0088FB12 /* LaunchScreen.storyboard */,
				F470559329EA9DDA0088FB12 /* Info.plist */,
			);
			path = "My Cooking Book";
			sourceTree = "<group>";
		};
/* End PBXGroup section */

/* Begin PBXNativeTarget section */
		F470558129EA9DD80088FB12 /* My Cooking Book */ = {
			isa = PBXNativeTarget;
			buildConfigurationList = F470559629EA9DDA0088FB12 /* Build configuration list for PBXNativeTarget "My Cooking Book" */;
			buildPhases = (
				F470557E29EA9DD80088FB12 /* Sources */,
				F470557F29EA9DD80088FB12 /* Frameworks */,
				F470558029EA9DD80088FB12 /* Resources */,
			);
			buildRules = (
			);
			dependencies = (
			);
			name = "My Cooking Book";
			productName = "My Cooking Book";
			productReference = F470558229EA9DD80088FB12 /* My Cooking Book.app */;
			productType = "com.apple.product-type.application";
		};
/* End PBXNativeTarget section */

/* Begin PBXProject section */
		F470557A29EA9DD80088FB12 /* Project object */ = {
			isa = PBXProject;
			attributes = {
				BuildIndependentTargetsInParallel = 1;
				LastSwiftUpdateCheck = 1430;
				LastUpgradeCheck = 1430;
				TargetAttributes = {
					F470558129EA9DD80088FB12 = {
						CreatedOnToolsVersion = 14.3;
					};
				};
			};
			buildConfigurationList = F470557D29EA9DD80088FB12 /* Build configuration list for PBXProject "My Cooking Book" */;
			compatibilityVersion = "Xcode 14.0";
			developmentRegion = en;
			hasScannedForEncodings = 0;
			knownRegions = (
				en,
				Base,
			);
			mainGroup = F470557929EA9DD80088FB12;
			productRefGroup = F470558329EA9DD80088FB12 /* Products */;
			projectDirPath = "";
			projectRoot = "";
			targets = (
				F470558129EA9DD80088FB12 /* My Cooking Book */,
			);
		};
/* End PBXProject section */

/* Begin PBXResourcesBuildPhase section */
		F470558029EA9DD80088FB12 /* Resources */ = {
			isa = PBXResourcesBuildPhase;
			buildActionMask = 2147483647;
			files = (
				F470559229EA9DDA0088FB12 /* LaunchScreen.storyboard in Resources */,
				F470558F29EA9DDA0088FB12 /* Assets.xcassets in Resources */,
				F470558D29EA9DD80088FB12 /* Main.storyboard in Resources */,
			);
			runOnlyForDeploymentPostprocessing = 0;
		};
/* End PBXResourcesBuildPhase section */

/* Begin PBXSourcesBuildPhase section */
		F470557E29EA9DD80088FB12 /* Sources */ = {
			isa = PBXSourcesBuildPhase;
			buildActionMask = 2147483647;
			files = (
				F431C7D229F1B62600577587 /* RecipeCell.swift in Sources */,
				F470558A29EA9DD80088FB12 /* ViewController.swift in Sources */,
				F470558629EA9DD80088FB12 /* AppDelegate.swift in Sources */,
				F470558829EA9DD80088FB12 /* SceneDelegate.swift in Sources */,
				F470559A29EAAB490088FB12 /* Recipe.swift in Sources */,
			);
			runOnlyForDeploymentPostprocessing = 0;
		};
/* End PBXSourcesBuildPhase section */

/* Begin PBXVariantGroup section */
		F470558B29EA9DD80088FB12 /* Main.storyboard */ = {
			isa = PBXVariantGroup;
			children = (
				F470558C29EA9DD80088FB12 /* Base */,
			);
			name = Main.storyboard;
			sourceTree = "<group>";
		};
		F470559029EA9DDA0088FB12 /* LaunchScreen.storyboard */ = {
			isa = PBXVariantGroup;
			children = (
				F470559129EA9DDA0088FB12 /* Base */,
			);
			name = LaunchScreen.storyboard;
			sourceTree = "<group>";
		};
/* End PBXVariantGroup section */

/* Begin XCBuildConfiguration section */
		F470559429EA9DDA0088FB12 /* Debug */ = {
			isa = XCBuildConfiguration;
			buildSettings = {
				ALWAYS_SEARCH_USER_PATHS = NO;
				CLANG_ANALYZER_NONNULL = YES;
				CLANG_ANALYZER_NUMBER_OBJECT_CONVERSION = YES_AGGRESSIVE;
				CLANG_CXX_LANGUAGE_STANDARD = "gnu++20";
				CLANG_ENABLE_MODULES = YES;
				CLANG_ENABLE_OBJC_ARC = YES;
				CLANG_ENABLE_OBJC_WEAK = YES;
				CLANG_WARN_BLOCK_CAPTURE_AUTORELEASING = YES;
				CLANG_WARN_BOOL_CONVERSION = YES;
				CLANG_WARN_COMMA = YES;
				CLANG_WARN_CONSTANT_CONVERSION = YES;
				CLANG_WARN_DEPRECATED_OBJC_IMPLEMENTATIONS = YES;
				CLANG_WARN_DIRECT_OBJC_ISA_USAGE = YES_ERROR;
				CLANG_WARN_DOCUMENTATION_COMMENTS = YES;
				CLANG_WARN_EMPTY_BODY = YES;
				CLANG_WARN_ENUM_CONVERSION = YES;
				CLANG_WARN_INFINITE_RECURSION = YES;
				CLANG_WARN_INT_CONVERSION = YES;
				CLANG_WARN_NON_LITERAL_NULL_CONVERSION = YES;
				CLANG_WARN_OBJC_IMPLICIT_RETAIN_SELF = YES;
				CLANG_WARN_OBJC_LITERAL_CONVERSION = YES;
				CLANG_WARN_OBJC_ROOT_CLASS = YES_ERROR;
				CLANG_WARN_QUOTED_INCLUDE_IN_FRAMEWORK_HEADER = YES;
				CLANG_WARN_RANGE_LOOP_ANALYSIS = YES;
				CLANG_WARN_STRICT_PROTOTYPES = YES;
				CLANG_WARN_SUSPICIOUS_MOVE = YES;
				CLANG_WARN_UNGUARDED_AVAILABILITY = YES_AGGRESSIVE;
				CLANG_WARN_UNREACHABLE_CODE = YES;
				CLANG_WARN__DUPLICATE_METHOD_MATCH = YES;
				COPY_PHASE_STRIP = NO;
				DEBUG_INFORMATION_FORMAT = dwarf;
				ENABLE_STRICT_OBJC_MSGSEND = YES;
				ENABLE_TESTABILITY = YES;
				GCC_C_LANGUAGE_STANDARD = gnu11;
				GCC_DYNAMIC_NO_PIC = NO;
				GCC_NO_COMMON_BLOCKS = YES;
				GCC_OPTIMIZATION_LEVEL = 0;
				GCC_PREPROCESSOR_DEFINITIONS = (
					"DEBUG=1",
					"$(inherited)",
				);
				GCC_WARN_64_TO_32_BIT_CONVERSION = YES;
				GCC_WARN_ABOUT_RETURN_TYPE = YES_ERROR;
				GCC_WARN_UNDECLARED_SELECTOR = YES;
				GCC_WARN_UNINITIALIZED_AUTOS = YES_AGGRESSIVE;
				GCC_WARN_UNUSED_FUNCTION = YES;
				GCC_WARN_UNUSED_VARIABLE = YES;
				IPHONEOS_DEPLOYMENT_TARGET = 16.4;
				MTL_ENABLE_DEBUG_INFO = INCLUDE_SOURCE;
				MTL_FAST_MATH = YES;
				ONLY_ACTIVE_ARCH = YES;
				SDKROOT = iphoneos;
				SWIFT_ACTIVE_COMPILATION_CONDITIONS = DEBUG;
				SWIFT_OPTIMIZATION_LEVEL = "-Onone";
			};
			name = Debug;
		};
		F470559529EA9DDA0088FB12 /* Release */ = {
			isa = XCBuildConfiguration;
			buildSettings = {
				ALWAYS_SEARCH_USER_PATHS = NO;
				CLANG_ANALYZER_NONNULL = YES;
				CLANG_ANALYZER_NUMBER_OBJECT_CONVERSION = YES_AGGRESSIVE;
				CLANG_CXX_LANGUAGE_STANDARD = "gnu++20";
				CLANG_ENABLE_MODULES = YES;
				CLANG_ENABLE_OBJC_ARC = YES;
				CLANG_ENABLE_OBJC_WEAK = YES;
				CLANG_WARN_BLOCK_CAPTURE_AUTORELEASING = YES;
				CLANG_WARN_BOOL_CONVERSION = YES;
				CLANG_WARN_COMMA = YES;
				CLANG_WARN_CONSTANT_CONVERSION = YES;
				CLANG_WARN_DEPRECATED_OBJC_IMPLEMENTATIONS = YES;
				CLANG_WARN_DIRECT_OBJC_ISA_USAGE = YES_ERROR;
				CLANG_WARN_DOCUMENTATION_COMMENTS = YES;
				CLANG_WARN_EMPTY_BODY = YES;
				CLANG_WARN_ENUM_CONVERSION = YES;
				CLANG_WARN_INFINITE_RECURSION = YES;
				CLANG_WARN_INT_CONVERSION = YES;
				CLANG_WARN_NON_LITERAL_NULL_CONVERSION = YES;
				CLANG_WARN_OBJC_IMPLICIT_RETAIN_SELF = YES;
				CLANG_WARN_OBJC_LITERAL_CONVERSION = YES;
				CLANG_WARN_OBJC_ROOT_CLASS = YES_ERROR;
				CLANG_WARN_QUOTED_INCLUDE_IN_FRAMEWORK_HEADER = YES;
				CLANG_WARN_RANGE_LOOP_ANALYSIS = YES;
				CLANG_WARN_STRICT_PROTOTYPES = YES;
				CLANG_WARN_SUSPICIOUS_MOVE = YES;
				CLANG_WARN_UNGUARDED_AVAILABILITY = YES_AGGRESSIVE;
				CLANG_WARN_UNREACHABLE_CODE = YES;
				CLANG_WARN__DUPLICATE_METHOD_MATCH = YES;
				COPY_PHASE_STRIP = NO;
				DEBUG_INFORMATION_FORMAT = "dwarf-with-dsym";
				ENABLE_NS_ASSERTIONS = NO;
				ENABLE_STRICT_OBJC_MSGSEND = YES;
				GCC_C_LANGUAGE_STANDARD = gnu11;
				GCC_NO_COMMON_BLOCKS = YES;
				GCC_WARN_64_TO_32_BIT_CONVERSION = YES;
				GCC_WARN_ABOUT_RETURN_TYPE = YES_ERROR;
				GCC_WARN_UNDECLARED_SELECTOR = YES;
				GCC_WARN_UNINITIALIZED_AUTOS = YES_AGGRESSIVE;
				GCC_WARN_UNUSED_FUNCTION = YES;
				GCC_WARN_UNUSED_VARIABLE = YES;
				IPHONEOS_DEPLOYMENT_TARGET = 16.4;
				MTL_ENABLE_DEBUG_INFO = NO;
				MTL_FAST_MATH = YES;
				SDKROOT = iphoneos;
				SWIFT_COMPILATION_MODE = wholemodule;
				SWIFT_OPTIMIZATION_LEVEL = "-O";
				VALIDATE_PRODUCT = YES;
			};
			name = Release;
		};
		F470559729EA9DDA0088FB12 /* Debug */ = {
			isa = XCBuildConfiguration;
			buildSettings = {
				ASSETCATALOG_COMPILER_APPICON_NAME = AppIcon;
				ASSETCATALOG_COMPILER_GLOBAL_ACCENT_COLOR_NAME = AccentColor;
				CODE_SIGN_STYLE = Automatic;
				CURRENT_PROJECT_VERSION = 1;
				DEVELOPMENT_TEAM = S3432GUG8P;
				GENERATE_INFOPLIST_FILE = YES;
				INFOPLIST_FILE = "My Cooking Book/Info.plist";
				INFOPLIST_KEY_CFBundleDisplayName = "My Cooking Book";
				INFOPLIST_KEY_LSApplicationCategoryType = "public.app-category.food-and-drink";
				INFOPLIST_KEY_UIApplicationSupportsIndirectInputEvents = YES;
				INFOPLIST_KEY_UILaunchStoryboardName = LaunchScreen;
				INFOPLIST_KEY_UIMainStoryboardFile = Main;
				INFOPLIST_KEY_UISupportedInterfaceOrientations_iPad = "UIInterfaceOrientationPortrait UIInterfaceOrientationPortraitUpsideDown UIInterfaceOrientationLandscapeLeft UIInterfaceOrientationLandscapeRight";
				INFOPLIST_KEY_UISupportedInterfaceOrientations_iPhone = "UIInterfaceOrientationPortrait UIInterfaceOrientationLandscapeLeft UIInterfaceOrientationLandscapeRight";
				LD_RUNPATH_SEARCH_PATHS = (
					"$(inherited)",
					"@executable_path/Frameworks",
				);
				MARKETING_VERSION = 1.0;
				PRODUCT_BUNDLE_IDENTIFIER = "com.tasioalmansa.My-Cooking-Book";
				PRODUCT_NAME = "$(TARGET_NAME)";
				SWIFT_EMIT_LOC_STRINGS = YES;
				SWIFT_VERSION = 5.0;
				TARGETED_DEVICE_FAMILY = "1,2";
			};
			name = Debug;
		};
		F470559829EA9DDA0088FB12 /* Release */ = {
			isa = XCBuildConfiguration;
			buildSettings = {
				ASSETCATALOG_COMPILER_APPICON_NAME = AppIcon;
				ASSETCATALOG_COMPILER_GLOBAL_ACCENT_COLOR_NAME = AccentColor;
				CODE_SIGN_STYLE = Automatic;
				CURRENT_PROJECT_VERSION = 1;
				DEVELOPMENT_TEAM = S3432GUG8P;
				GENERATE_INFOPLIST_FILE = YES;
				INFOPLIST_FILE = "My Cooking Book/Info.plist";
				INFOPLIST_KEY_CFBundleDisplayName = "My Cooking Book";
				INFOPLIST_KEY_LSApplicationCategoryType = "public.app-category.food-and-drink";
				INFOPLIST_KEY_UIApplicationSupportsIndirectInputEvents = YES;
				INFOPLIST_KEY_UILaunchStoryboardName = LaunchScreen;
				INFOPLIST_KEY_UIMainStoryboardFile = Main;
				INFOPLIST_KEY_UISupportedInterfaceOrientations_iPad = "UIInterfaceOrientationPortrait UIInterfaceOrientationPortraitUpsideDown UIInterfaceOrientationLandscapeLeft UIInterfaceOrientationLandscapeRight";
				INFOPLIST_KEY_UISupportedInterfaceOrientations_iPhone = "UIInterfaceOrientationPortrait UIInterfaceOrientationLandscapeLeft UIInterfaceOrientationLandscapeRight";
				LD_RUNPATH_SEARCH_PATHS = (
					"$(inherited)",
					"@executable_path/Frameworks",
				);
				MARKETING_VERSION = 1.0;
				PRODUCT_BUNDLE_IDENTIFIER = "com.tasioalmansa.My-Cooking-Book";
				PRODUCT_NAME = "$(TARGET_NAME)";
				SWIFT_EMIT_LOC_STRINGS = YES;
				SWIFT_VERSION = 5.0;
				TARGETED_DEVICE_FAMILY = "1,2";
			};
			name = Release;
		};
/* End XCBuildConfiguration section */

/* Begin XCConfigurationList section */
		F470557D29EA9DD80088FB12 /* Build configuration list for PBXProject "My Cooking Book" */ = {
			isa = XCConfigurationList;
			buildConfigurations = (
				F470559429EA9DDA0088FB12 /* Debug */,
				F470559529EA9DDA0088FB12 /* Release */,
			);
			defaultConfigurationIsVisible = 0;
			defaultConfigurationName = Release;
		};
		F470559629EA9DDA0088FB12 /* Build configuration list for PBXNativeTarget "My Cooking Book" */ = {
			isa = XCConfigurationList;
			buildConfigurations = (
				F470559729EA9DDA0088FB12 /* Debug */,
				F470559829EA9DDA0088FB12 /* Release */,
			);
			defaultConfigurationIsVisible = 0;
			defaultConfigurationName = Release;
		};
/* End XCConfigurationList section */
	};
	rootObject = F470557A29EA9DD80088FB12 /* Project object */;
}
